
Microsoft Visual Studio Solution File, Format Version 12.00
# Visual Studio 15
Project("{FAE04EC0-301F-11D3-BF4B-00C04F79EFBC}") = "GradientLabelDemo.Android", "GradientLabelDemo.Android\GradientLabelDemo.Android.csproj", "{CE584AC6-2B24-4176-AC39-F8D4448F24B6}"
EndProject
Project("{FAE04EC0-301F-11D3-BF4B-00C04F79EFBC}") = "GradientLabelDemo.iOS", "GradientLabelDemo.iOS\GradientLabelDemo.iOS.csproj", "{048A88B3-9ACF-46EB-BF7F-E6B7D93D140B}"
EndProject
Project("{FAE04EC0-301F-11D3-BF4B-00C04F79EFBC}") = "GradientLabelDemo", "GradientLabelDemo\GradientLabelDemo.csproj", "{39FE2FE3-BDFD-4C1F-A47F-E12CD6321306}"
EndProject
Global
	GlobalSection(SolutionConfigurationPlatforms) = preSolution
		Debug|Any CPU = Debug|Any CPU
		Release|Any CPU = Release|Any CPU
		Debug|iPhoneSimulator = Debug|iPhoneSimulator
		Release|iPhoneSimulator = Release|iPhoneSimulator
		Debug|iPhone = Debug|iPhone
		Release|iPhone = Release|iPhone
		Ad-Hoc|iPhone = Ad-Hoc|iPhone
		AppStore|iPhone = AppStore|iPhone
	EndGlobalSection
	GlobalSection(ProjectConfigurationPlatforms) = postSolution
		{CE584AC6-2B24-4176-AC39-F8D4448F24B6}.Debug|Any CPU.ActiveCfg = Debug|Any CPU
		{CE584AC6-2B24-4176-AC39-F8D4448F24B6}.Debug|Any CPU.Build.0 = Debug|Any CPU
		{CE584AC6-2B24-4176-AC39-F8D4448F24B6}.Release|Any CPU.ActiveCfg = Release|Any CPU
		{CE584AC6-2B24-4176-AC39-F8D4448F24B6}.Release|Any CPU.Build.0 = Release|Any CPU
		{CE584AC6-2B24-4176-AC39-F8D4448F24B6}.Debug|iPhoneSimulator.ActiveCfg = Debug|Any CPU
		{CE584AC6-2B24-4176-AC39-F8D4448F24B6}.Debug|iPhoneSimulator.Build.0 = Debug|Any CPU
		{CE584AC6-2B24-4176-AC39-F8D4448F24B6}.Release|iPhoneSimulator.ActiveCfg = Release|Any CPU
		{CE584AC6-2B24-4176-AC39-F8D4448F24B6}.Release|iPhoneSimulator.Build.0 = Release|Any CPU
		{CE584AC6-2B24-4176-AC39-F8D4448F24B6}.Debug|iPhone.ActiveCfg = Debug|Any CPU
		{CE584AC6-2B24-4176-AC39-F8D4448F24B6}.Debug|iPhone.Build.0 = Debug|Any CPU
		{CE584AC6-2B24-4176-AC39-F8D4448F24B6}.Release|iPhone.ActiveCfg = Release|Any CPU
		{CE584AC6-2B24-4176-AC39-F8D4448F24B6}.Release|iPhone.Build.0 = Release|Any CPU
		{CE584AC6-2B24-4176-AC39-F8D4448F24B6}.Ad-Hoc|iPhone.ActiveCfg = Debug|Any CPU
		{CE584AC6-2B24-4176-AC39-F8D4448F24B6}.Ad-Hoc|iPhone.Build.0 = Debug|Any CPU
		{CE584AC6-2B24-4176-AC39-F8D4448F24B6}.AppStore|iPhone.ActiveCfg = Debug|Any CPU
		{CE584AC6-2B24-4176-AC39-F8D4448F24B6}.AppStore|iPhone.Build.0 = Debug|Any CPU
		{048A88B3-9ACF-46EB-BF7F-E6B7D93D140B}.Debug|Any CPU.ActiveCfg = Debug|iPhoneSimulator
		{048A88B3-9ACF-46EB-BF7F-E6B7D93D140B}.Debug|Any CPU.Build.0 = Debug|iPhoneSimulator
		{048A88B3-9ACF-46EB-BF7F-E6B7D93D140B}.Release|Any CPU.ActiveCfg = Release|iPhoneSimulator
		{048A88B3-9ACF-46EB-BF7F-E6B7D93D140B}.Release|Any CPU.Build.0 = Release|iPhoneSimulator
		{048A88B3-9ACF-46EB-BF7F-E6B7D93D140B}.Debug|iPhoneSimulator.ActiveCfg = Debug|iPhoneSimulator
		{048A88B3-9ACF-46EB-BF7F-E6B7D93D140B}.Debug|iPhoneSimulator.Build.0 = Debug|iPhoneSimulator
		{048A88B3-9ACF-46EB-BF7F-E6B7D93D140B}.Release|iPhoneSimulator.ActiveCfg = Release|iPhoneSimulator
		{048A88B3-9ACF-46EB-BF7F-E6B7D93D140B}.Release|iPhoneSimulator.Build.0 = Release|iPhoneSimulator
		{048A88B3-9ACF-46EB-BF7F-E6B7D93D140B}.Debug|iPhone.ActiveCfg = Debug|iPhone
		{048A88B3-9ACF-46EB-BF7F-E6B7D93D140B}.Debug|iPhone.Build.0 = Debug|iPhone
		{048A88B3-9ACF-46EB-BF7F-E6B7D93D140B}.Release|iPhone.ActiveCfg = Release|iPhone
		{048A88B3-9ACF-46EB-BF7F-E6B7D93D140B}.Release|iPhone.Build.0 = Release|iPhone
		{048A88B3-9ACF-46EB-BF7F-E6B7D93D140B}.Ad-Hoc|iPhone.ActiveCfg = Ad-Hoc|iPhone
		{048A88B3-9ACF-46EB-BF7F-E6B7D93D140B}.Ad-Hoc|iPhone.Build.0 = Ad-Hoc|iPhone
		{048A88B3-9ACF-46EB-BF7F-E6B7D93D140B}.AppStore|iPhone.ActiveCfg = AppStore|iPhone
		{048A88B3-9ACF-46EB-BF7F-E6B7D93D140B}.AppStore|iPhone.Build.0 = AppStore|iPhone
		{39FE2FE3-BDFD-4C1F-A47F-E12CD6321306}.Debug|Any CPU.ActiveCfg = Debug|Any CPU
		{39FE2FE3-BDFD-4C1F-A47F-E12CD6321306}.Debug|Any CPU.Build.0 = Debug|Any CPU
		{39FE2FE3-BDFD-4C1F-A47F-E12CD6321306}.Release|Any CPU.ActiveCfg = Release|Any CPU
		{39FE2FE3-BDFD-4C1F-A47F-E12CD6321306}.Release|Any CPU.Build.0 = Release|Any CPU
		{39FE2FE3-BDFD-4C1F-A47F-E12CD6321306}.Debug|iPhoneSimulator.ActiveCfg = Debug|Any CPU
		{39FE2FE3-BDFD-4C1F-A47F-E12CD6321306}.Debug|iPhoneSimulator.Build.0 = Debug|Any CPU
		{39FE2FE3-BDFD-4C1F-A47F-E12CD6321306}.Release|iPhoneSimulator.ActiveCfg = Release|Any CPU
		{39FE2FE3-BDFD-4C1F-A47F-E12CD6321306}.Release|iPhoneSimulator.Build.0 = Release|Any CPU
		{39FE2FE3-BDFD-4C1F-A47F-E12CD6321306}.Debug|iPhone.ActiveCfg = Debug|Any CPU
		{39FE2FE3-BDFD-4C1F-A47F-E12CD6321306}.Debug|iPhone.Build.0 = Debug|Any CPU
		{39FE2FE3-BDFD-4C1F-A47F-E12CD6321306}.Release|iPhone.ActiveCfg = Release|Any CPU
		{39FE2FE3-BDFD-4C1F-A47F-E12CD6321306}.Release|iPhone.Build.0 = Release|Any CPU
		{39FE2FE3-BDFD-4C1F-A47F-E12CD6321306}.Ad-Hoc|iPhone.ActiveCfg = Debug|Any CPU
		{39FE2FE3-BDFD-4C1F-A47F-E12CD6321306}.Ad-Hoc|iPhone.Build.0 = Debug|Any CPU
		{39FE2FE3-BDFD-4C1F-A47F-E12CD6321306}.AppStore|iPhone.ActiveCfg = Debug|Any CPU
		{39FE2FE3-BDFD-4C1F-A47F-E12CD6321306}.AppStore|iPhone.Build.0 = Debug|Any CPU
	EndGlobalSection
EndGlobal
